// !$*UTF8*$!
{
	archiveVersion = 1;
	classes = {
	};
	objectVersion = 46;
	objects = {

/* Begin PBXBuildFile section */
		C95B67C519999521006FDD17 /* Foundation.framework in Frameworks */ = {isa = PBXBuildFile; fileRef = C95B67C419999521006FDD17 /* Foundation.framework */; };
		C95B67C719999521006FDD17 /* CoreGraphics.framework in Frameworks */ = {isa = PBXBuildFile; fileRef = C95B67C619999521006FDD17 /* CoreGraphics.framework */; };
		C95B67C919999521006FDD17 /* UIKit.framework in Frameworks */ = {isa = PBXBuildFile; fileRef = C95B67C819999521006FDD17 /* UIKit.framework */; };
		C95B67CF19999521006FDD17 /* InfoPlist.strings in Resources */ = {isa = PBXBuildFile; fileRef = C95B67CD19999521006FDD17 /* InfoPlist.strings */; };
		C95B67D119999521006FDD17 /* main.m in Sources */ = {isa = PBXBuildFile; fileRef = C95B67D019999521006FDD17 /* main.m */; };
		C95B67D519999521006FDD17 /* SharedLibTestAppDelegate.m in Sources */ = {isa = PBXBuildFile; fileRef = C95B67D419999521006FDD17 /* SharedLibTestAppDelegate.m */; };
		C95B67D819999521006FDD17 /* Main_iPhone.storyboard in Resources */ = {isa = PBXBuildFile; fileRef = C95B67D619999521006FDD17 /* Main_iPhone.storyboard */; };
		C95B67DB19999521006FDD17 /* Main_iPad.storyboard in Resources */ = {isa = PBXBuildFile; fileRef = C95B67D919999521006FDD17 /* Main_iPad.storyboard */; };
		C95B67DE19999521006FDD17 /* SharedLibTestViewController.m in Sources */ = {isa = PBXBuildFile; fileRef = C95B67DD19999521006FDD17 /* SharedLibTestViewController.m */; };
		C95B67E019999521006FDD17 /* Images.xcassets in Resources */ = {isa = PBXBuildFile; fileRef = C95B67DF19999521006FDD17 /* Images.xcassets */; };
		C95B67E719999521006FDD17 /* XCTest.framework in Frameworks */ = {isa = PBXBuildFile; fileRef = C95B67E619999521006FDD17 /* XCTest.framework */; };
		C95B67E819999521006FDD17 /* Foundation.framework in Frameworks */ = {isa = PBXBuildFile; fileRef = C95B67C419999521006FDD17 /* Foundation.framework */; };
		C95B67E919999521006FDD17 /* UIKit.framework in Frameworks */ = {isa = PBXBuildFile; fileRef = C95B67C819999521006FDD17 /* UIKit.framework */; };
		C95B67F119999521006FDD17 /* InfoPlist.strings in Resources */ = {isa = PBXBuildFile; fileRef = C95B67EF19999521006FDD17 /* InfoPlist.strings */; };
		C95B67F319999521006FDD17 /* SharedLibTestTests.m in Sources */ = {isa = PBXBuildFile; fileRef = C95B67F219999521006FDD17 /* SharedLibTestTests.m */; };
/* End PBXBuildFile section */

/* Begin PBXContainerItemProxy section */
		C95B67EA19999521006FDD17 /* PBXContainerItemProxy */ = {
			isa = PBXContainerItemProxy;
			containerPortal = C95B67B919999521006FDD17 /* Project object */;
			proxyType = 1;
			remoteGlobalIDString = C95B67C019999521006FDD17;
			remoteInfo = SharedLibTest;
		};
/* End PBXContainerItemProxy section */

/* Begin PBXFileReference section */
		C95B67C119999521006FDD17 /* SharedLibTest.app */ = {isa = PBXFileReference; explicitFileType = wrapper.application; includeInIndex = 0; path = SharedLibTest.app; sourceTree = BUILT_PRODUCTS_DIR; };
		C95B67C419999521006FDD17 /* Foundation.framework */ = {isa = PBXFileReference; lastKnownFileType = wrapper.framework; name = Foundation.framework; path = System/Library/Frameworks/Foundation.framework; sourceTree = SDKROOT; };
		C95B67C619999521006FDD17 /* CoreGraphics.framework */ = {isa = PBXFileReference; lastKnownFileType = wrapper.framework; name = CoreGraphics.framework; path = System/Library/Frameworks/CoreGraphics.framework; sourceTree = SDKROOT; };
		C95B67C819999521006FDD17 /* UIKit.framework */ = {isa = PBXFileReference; lastKnownFileType = wrapper.framework; name = UIKit.framework; path = System/Library/Frameworks/UIKit.framework; sourceTree = SDKROOT; };
		C95B67CC19999521006FDD17 /* SharedLibTest-Info.plist */ = {isa = PBXFileReference; lastKnownFileType = text.plist.xml; path = "SharedLibTest-Info.plist"; sourceTree = "<group>"; };
		C95B67CE19999521006FDD17 /* en */ = {isa = PBXFileReference; lastKnownFileType = text.plist.strings; name = en; path = en.lproj/InfoPlist.strings; sourceTree = "<group>"; };
		C95B67D019999521006FDD17 /* main.m */ = {isa = PBXFileReference; lastKnownFileType = sourcecode.c.objc; path = main.m; sourceTree = "<group>"; };
		C95B67D219999521006FDD17 /* SharedLibTest-Prefix.pch */ = {isa = PBXFileReference; lastKnownFileType = sourcecode.c.h; path = "SharedLibTest-Prefix.pch"; sourceTree = "<group>"; };
		C95B67D319999521006FDD17 /* SharedLibTestAppDelegate.h */ = {isa = PBXFileReference; lastKnownFileType = sourcecode.c.h; path = SharedLibTestAppDelegate.h; sourceTree = "<group>"; };
		C95B67D419999521006FDD17 /* SharedLibTestAppDelegate.m */ = {isa = PBXFileReference; lastKnownFileType = sourcecode.c.objc; path = SharedLibTestAppDelegate.m; sourceTree = "<group>"; };
		C95B67D719999521006FDD17 /* Base */ = {isa = PBXFileReference; lastKnownFileType = file.storyboard; name = Base; path = Base.lproj/Main_iPhone.storyboard; sourceTree = "<group>"; };
		C95B67DA19999521006FDD17 /* Base */ = {isa = PBXFileReference; lastKnownFileType = file.storyboard; name = Base; path = Base.lproj/Main_iPad.storyboard; sourceTree = "<group>"; };
		C95B67DC19999521006FDD17 /* SharedLibTestViewController.h */ = {isa = PBXFileReference; lastKnownFileType = sourcecode.c.h; path = SharedLibTestViewController.h; sourceTree = "<group>"; };
		C95B67DD19999521006FDD17 /* SharedLibTestViewController.m */ = {isa = PBXFileReference; lastKnownFileType = sourcecode.c.objc; path = SharedLibTestViewController.m; sourceTree = "<group>"; };
		C95B67DF19999521006FDD17 /* Images.xcassets */ = {isa = PBXFileReference; lastKnownFileType = folder.assetcatalog; path = Images.xcassets; sourceTree = "<group>"; };
		C95B67E519999521006FDD17 /* SharedLibTestTests.xctest */ = {isa = PBXFileReference; explicitFileType = wrapper.cfbundle; includeInIndex = 0; path = SharedLibTestTests.xctest; sourceTree = BUILT_PRODUCTS_DIR; };
		C95B67E619999521006FDD17 /* XCTest.framework */ = {isa = PBXFileReference; lastKnownFileType = wrapper.framework; name = XCTest.framework; path = Library/Frameworks/XCTest.framework; sourceTree = DEVELOPER_DIR; };
		C95B67EE19999521006FDD17 /* SharedLibTestTests-Info.plist */ = {isa = PBXFileReference; lastKnownFileType = text.plist.xml; path = "SharedLibTestTests-Info.plist"; sourceTree = "<group>"; };
		C95B67F019999521006FDD17 /* en */ = {isa = PBXFileReference; lastKnownFileType = text.plist.strings; name = en; path = en.lproj/InfoPlist.strings; sourceTree = "<group>"; };
		C95B67F219999521006FDD17 /* SharedLibTestTests.m */ = {isa = PBXFileReference; lastKnownFileType = sourcecode.c.objc; path = SharedLibTestTests.m; sourceTree = "<group>"; };
/* End PBXFileReference section */

/* Begin PBXFrameworksBuildPhase section */
		C95B67BE19999521006FDD17 /* Frameworks */ = {
			isa = PBXFrameworksBuildPhase;
			buildActionMask = 2147483647;
			files = (
				C95B67C719999521006FDD17 /* CoreGraphics.framework in Frameworks */,
				C95B67C919999521006FDD17 /* UIKit.framework in Frameworks */,
				C95B67C519999521006FDD17 /* Foundation.framework in Frameworks */,
			);
			runOnlyForDeploymentPostprocessing = 0;
		};
		C95B67E219999521006FDD17 /* Frameworks */ = {
			isa = PBXFrameworksBuildPhase;
			buildActionMask = 2147483647;
			files = (
				C95B67E719999521006FDD17 /* XCTest.framework in Frameworks */,
				C95B67E919999521006FDD17 /* UIKit.framework in Frameworks */,
				C95B67E819999521006FDD17 /* Foundation.framework in Frameworks */,
			);
			runOnlyForDeploymentPostprocessing = 0;
		};
/* End PBXFrameworksBuildPhase section */

/* Begin PBXGroup section */
		C95B67B819999521006FDD17 = {
			isa = PBXGroup;
			children = (
				C95B67CA19999521006FDD17 /* SharedLibTest */,
				C95B67EC19999521006FDD17 /* SharedLibTestTests */,
				C95B67C319999521006FDD17 /* Frameworks */,
				C95B67C219999521006FDD17 /* Products */,
			);
			sourceTree = "<group>";
		};
		C95B67C219999521006FDD17 /* Products */ = {
			isa = PBXGroup;
			children = (
				C95B67C119999521006FDD17 /* SharedLibTest.app */,
				C95B67E519999521006FDD17 /* SharedLibTestTests.xctest */,
			);
			name = Products;
			sourceTree = "<group>";
		};
		C95B67C319999521006FDD17 /* Frameworks */ = {
			isa = PBXGroup;
			children = (
				C95B67C419999521006FDD17 /* Foundation.framework */,
				C95B67C619999521006FDD17 /* CoreGraphics.framework */,
				C95B67C819999521006FDD17 /* UIKit.framework */,
				C95B67E619999521006FDD17 /* XCTest.framework */,
			);
			name = Frameworks;
			sourceTree = "<group>";
		};
		C95B67CA19999521006FDD17 /* SharedLibTest */ = {
			isa = PBXGroup;
			children = (
				C95B67D319999521006FDD17 /* SharedLibTestAppDelegate.h */,
				C95B67D419999521006FDD17 /* SharedLibTestAppDelegate.m */,
				C95B67D619999521006FDD17 /* Main_iPhone.storyboard */,
				C95B67D919999521006FDD17 /* Main_iPad.storyboard */,
				C95B67DC19999521006FDD17 /* SharedLibTestViewController.h */,
				C95B67DD19999521006FDD17 /* SharedLibTestViewController.m */,
				C95B67DF19999521006FDD17 /* Images.xcassets */,
				C95B67CB19999521006FDD17 /* Supporting Files */,
			);
			path = SharedLibTest;
			sourceTree = "<group>";
		};
		C95B67CB19999521006FDD17 /* Supporting Files */ = {
			isa = PBXGroup;
			children = (
				C95B67CC19999521006FDD17 /* SharedLibTest-Info.plist */,
				C95B67CD19999521006FDD17 /* InfoPlist.strings */,
				C95B67D019999521006FDD17 /* main.m */,
				C95B67D219999521006FDD17 /* SharedLibTest-Prefix.pch */,
			);
			name = "Supporting Files";
			sourceTree = "<group>";
		};
		C95B67EC19999521006FDD17 /* SharedLibTestTests */ = {
			isa = PBXGroup;
			children = (
				C95B67F219999521006FDD17 /* SharedLibTestTests.m */,
				C95B67ED19999521006FDD17 /* Supporting Files */,
			);
			path = SharedLibTestTests;
			sourceTree = "<group>";
		};
		C95B67ED19999521006FDD17 /* Supporting Files */ = {
			isa = PBXGroup;
			children = (
				C95B67EE19999521006FDD17 /* SharedLibTestTests-Info.plist */,
				C95B67EF19999521006FDD17 /* InfoPlist.strings */,
			);
			name = "Supporting Files";
			sourceTree = "<group>";
		};
/* End PBXGroup section */

/* Begin PBXNativeTarget section */
		C95B67C019999521006FDD17 /* SharedLibTest */ = {
			isa = PBXNativeTarget;
			buildConfigurationList = C95B67F619999521006FDD17 /* Build configuration list for PBXNativeTarget "SharedLibTest" */;
			buildPhases = (
				C95B67BD19999521006FDD17 /* Sources */,
				C95B67BE19999521006FDD17 /* Frameworks */,
				C95B67BF19999521006FDD17 /* Resources */,
			);
			buildRules = (
			);
			dependencies = (
			);
			name = SharedLibTest;
			productName = SharedLibTest;
			productReference = C95B67C119999521006FDD17 /* SharedLibTest.app */;
			productType = "com.apple.product-type.application";
		};
		C95B67E419999521006FDD17 /* SharedLibTestTests */ = {
			isa = PBXNativeTarget;
			buildConfigurationList = C95B67F919999521006FDD17 /* Build configuration list for PBXNativeTarget "SharedLibTestTests" */;
			buildPhases = (
				C95B67E119999521006FDD17 /* Sources */,
				C95B67E219999521006FDD17 /* Frameworks */,
				C95B67E319999521006FDD17 /* Resources */,
			);
			buildRules = (
			);
			dependencies = (
				C95B67EB19999521006FDD17 /* PBXTargetDependency */,
			);
			name = SharedLibTestTests;
			productName = SharedLibTestTests;
			productReference = C95B67E519999521006FDD17 /* SharedLibTestTests.xctest */;
			productType = "com.apple.product-type.bundle.unit-test";
		};
/* End PBXNativeTarget section */

/* Begin PBXProject section */
		C95B67B919999521006FDD17 /* Project object */ = {
			isa = PBXProject;
			attributes = {
				CLASSPREFIX = SharedLibTest;
				LastUpgradeCheck = 0510;
				ORGANIZATIONNAME = "___FULLUSERNAME___";
				TargetAttributes = {
					C95B67E419999521006FDD17 = {
						TestTargetID = C95B67C019999521006FDD17;
					};
				};
			};
			buildConfigurationList = C95B67BC19999521006FDD17 /* Build configuration list for PBXProject "SharedLibTest" */;
			compatibilityVersion = "Xcode 3.2";
			developmentRegion = English;
			hasScannedForEncodings = 0;
			knownRegions = (
				en,
				Base,
			);
			mainGroup = C95B67B819999521006FDD17;
			productRefGroup = C95B67C219999521006FDD17 /* Products */;
			projectDirPath = "";
			projectRoot = "";
			targets = (
				C95B67C019999521006FDD17 /* SharedLibTest */,
				C95B67E419999521006FDD17 /* SharedLibTestTests */,
			);
		};
/* End PBXProject section */

/* Begin PBXResourcesBuildPhase section */
		C95B67BF19999521006FDD17 /* Resources */ = {
			isa = PBXResourcesBuildPhase;
			buildActionMask = 2147483647;
			files = (
				C95B67DB19999521006FDD17 /* Main_iPad.storyboard in Resources */,
				C95B67E019999521006FDD17 /* Images.xcassets in Resources */,
				C95B67D819999521006FDD17 /* Main_iPhone.storyboard in Resources */,
				C95B67CF19999521006FDD17 /* InfoPlist.strings in Resources */,
			);
			runOnlyForDeploymentPostprocessing = 0;
		};
		C95B67E319999521006FDD17 /* Resources */ = {
			isa = PBXResourcesBuildPhase;
			buildActionMask = 2147483647;
			files = (
				C95B67F119999521006FDD17 /* InfoPlist.strings in Resources */,
			);
			runOnlyForDeploymentPostprocessing = 0;
		};
/* End PBXResourcesBuildPhase section */

/* Begin PBXSourcesBuildPhase section */
		C95B67BD19999521006FDD17 /* Sources */ = {
			isa = PBXSourcesBuildPhase;
			buildActionMask = 2147483647;
			files = (
				C95B67DE19999521006FDD17 /* SharedLibTestViewController.m in Sources */,
				C95B67D119999521006FDD17 /* main.m in Sources */,
				C95B67D519999521006FDD17 /* SharedLibTestAppDelegate.m in Sources */,
			);
			runOnlyForDeploymentPostprocessing = 0;
		};
		C95B67E119999521006FDD17 /* Sources */ = {
			isa = PBXSourcesBuildPhase;
			buildActionMask = 2147483647;
			files = (
				C95B67F319999521006FDD17 /* SharedLibTestTests.m in Sources */,
			);
			runOnlyForDeploymentPostprocessing = 0;
		};
/* End PBXSourcesBuildPhase section */

/* Begin PBXTargetDependency section */
		C95B67EB19999521006FDD17 /* PBXTargetDependency */ = {
			isa = PBXTargetDependency;
			target = C95B67C019999521006FDD17 /* SharedLibTest */;
			targetProxy = C95B67EA19999521006FDD17 /* PBXContainerItemProxy */;
		};
/* End PBXTargetDependency section */

/* Begin PBXVariantGroup section */
		C95B67CD19999521006FDD17 /* InfoPlist.strings */ = {
			isa = PBXVariantGroup;
			children = (
				C95B67CE19999521006FDD17 /* en */,
			);
			name = InfoPlist.strings;
			sourceTree = "<group>";
		};
		C95B67D619999521006FDD17 /* Main_iPhone.storyboard */ = {
			isa = PBXVariantGroup;
			children = (
				C95B67D719999521006FDD17 /* Base */,
			);
			name = Main_iPhone.storyboard;
			sourceTree = "<group>";
		};
		C95B67D919999521006FDD17 /* Main_iPad.storyboard */ = {
			isa = PBXVariantGroup;
			children = (
				C95B67DA19999521006FDD17 /* Base */,
			);
			name = Main_iPad.storyboard;
			sourceTree = "<group>";
		};
		C95B67EF19999521006FDD17 /* InfoPlist.strings */ = {
			isa = PBXVariantGroup;
			children = (
				C95B67F019999521006FDD17 /* en */,
			);
			name = InfoPlist.strings;
			sourceTree = "<group>";
		};
/* End PBXVariantGroup section */

/* Begin XCBuildConfiguration section */
		C95B67F419999521006FDD17 /* Debug */ = {
			isa = XCBuildConfiguration;
			buildSettings = {
				ALWAYS_SEARCH_USER_PATHS = NO;
				CLANG_CXX_LANGUAGE_STANDARD = "gnu++0x";
				CLANG_CXX_LIBRARY = "libc++";
				CLANG_ENABLE_MODULES = YES;
				CLANG_ENABLE_OBJC_ARC = YES;
				CLANG_WARN_BOOL_CONVERSION = YES;
				CLANG_WARN_CONSTANT_CONVERSION = YES;
				CLANG_WARN_DIRECT_OBJC_ISA_USAGE = YES_ERROR;
				CLANG_WARN_EMPTY_BODY = YES;
				CLANG_WARN_ENUM_CONVERSION = YES;
				CLANG_WARN_INT_CONVERSION = YES;
				CLANG_WARN_OBJC_ROOT_CLASS = YES_ERROR;
				CLANG_WARN__DUPLICATE_METHOD_MATCH = YES;
				"CODE_SIGN_IDENTITY[sdk=iphoneos*]" = "iPhone Developer";
				COPY_PHASE_STRIP = NO;
				GCC_C_LANGUAGE_STANDARD = gnu99;
				GCC_DYNAMIC_NO_PIC = NO;
				GCC_OPTIMIZATION_LEVEL = 0;
				GCC_PREPROCESSOR_DEFINITIONS = (
					"DEBUG=1",
					"$(inherited)",
				);
				GCC_SYMBOLS_PRIVATE_EXTERN = NO;
				GCC_WARN_64_TO_32_BIT_CONVERSION = YES;
				GCC_WARN_ABOUT_RETURN_TYPE = YES_ERROR;
				GCC_WARN_UNDECLARED_SELECTOR = YES;
				GCC_WARN_UNINITIALIZED_AUTOS = YES_AGGRESSIVE;
				GCC_WARN_UNUSED_FUNCTION = YES;
				GCC_WARN_UNUSED_VARIABLE = YES;
				IPHONEOS_DEPLOYMENT_TARGET = 7.1;
				ONLY_ACTIVE_ARCH = YES;
				SDKROOT = iphoneos;
				TARGETED_DEVICE_FAMILY = "1,2";
			};
			name = Debug;
		};
		C95B67F519999521006FDD17 /* Release */ = {
			isa = XCBuildConfiguration;
			buildSettings = {
				ALWAYS_SEARCH_USER_PATHS = NO;
				CLANG_CXX_LANGUAGE_STANDARD = "gnu++0x";
				CLANG_CXX_LIBRARY = "libc++";
				CLANG_ENABLE_MODULES = YES;
				CLANG_ENABLE_OBJC_ARC = YES;
				CLANG_WARN_BOOL_CONVERSION = YES;
				CLANG_WARN_CONSTANT_CONVERSION = YES;
				CLANG_WARN_DIRECT_OBJC_ISA_USAGE = YES_ERROR;
				CLANG_WARN_EMPTY_BODY = YES;
				CLANG_WARN_ENUM_CONVERSION = YES;
				CLANG_WARN_INT_CONVERSION = YES;
				CLANG_WARN_OBJC_ROOT_CLASS = YES_ERROR;
				CLANG_WARN__DUPLICATE_METHOD_MATCH = YES;
				"CODE_SIGN_IDENTITY[sdk=iphoneos*]" = "iPhone Developer";
				COPY_PHASE_STRIP = YES;
				ENABLE_NS_ASSERTIONS = NO;
				GCC_C_LANGUAGE_STANDARD = gnu99;
				GCC_WARN_64_TO_32_BIT_CONVERSION = YES;
				GCC_WARN_ABOUT_RETURN_TYPE = YES_ERROR;
				GCC_WARN_UNDECLARED_SELECTOR = YES;
				GCC_WARN_UNINITIALIZED_AUTOS = YES_AGGRESSIVE;
				GCC_WARN_UNUSED_FUNCTION = YES;
				GCC_WARN_UNUSED_VARIABLE = YES;
				IPHONEOS_DEPLOYMENT_TARGET = 7.1;
				SDKROOT = iphoneos;
				TARGETED_DEVICE_FAMILY = "1,2";
				VALIDATE_PRODUCT = YES;
			};
			name = Release;
		};
		C95B67F719999521006FDD17 /* Debug */ = {
			isa = XCBuildConfiguration;
			buildSettings = {
				ASSETCATALOG_COMPILER_APPICON_NAME = AppIcon;
				ASSETCATALOG_COMPILER_LAUNCHIMAGE_NAME = LaunchImage;
				GCC_PRECOMPILE_PREFIX_HEADER = YES;
				GCC_PREFIX_HEADER = "SharedLibTest/SharedLibTest-Prefix.pch";
				INFOPLIST_FILE = "SharedLibTest/SharedLibTest-Info.plist";
				PRODUCT_NAME = "$(TARGET_NAME)";
				WRAPPER_EXTENSION = app;
			};
			name = Debug;
		};
		C95B67F819999521006FDD17 /* Release */ = {
			isa = XCBuildConfiguration;
			buildSettings = {
				ASSETCATALOG_COMPILER_APPICON_NAME = AppIcon;
				ASSETCATALOG_COMPILER_LAUNCHIMAGE_NAME = LaunchImage;
				GCC_PRECOMPILE_PREFIX_HEADER = YES;
				GCC_PREFIX_HEADER = "SharedLibTest/SharedLibTest-Prefix.pch";
				INFOPLIST_FILE = "SharedLibTest/SharedLibTest-Info.plist";
				PRODUCT_NAME = "$(TARGET_NAME)";
				WRAPPER_EXTENSION = app;
			};
			name = Release;
		};
		C95B67FA19999521006FDD17 /* Debug */ = {
			isa = XCBuildConfiguration;
			buildSettings = {
				BUNDLE_LOADER = "$(BUILT_PRODUCTS_DIR)/SharedLibTest.app/SharedLibTest";
				FRAMEWORK_SEARCH_PATHS = (
					"$(SDKROOT)/Developer/Library/Frameworks",
					"$(inherited)",
					"$(DEVELOPER_FRAMEWORKS_DIR)",
				);
				GCC_PRECOMPILE_PREFIX_HEADER = YES;
				GCC_PREFIX_HEADER = "SharedLibTest/SharedLibTest-Prefix.pch";
				GCC_PREPROCESSOR_DEFINITIONS = (
					"DEBUG=1",
					"$(inherited)",
				);
				INFOPLIST_FILE = "SharedLibTestTests/SharedLibTestTests-Info.plist";
				PRODUCT_NAME = "$(TARGET_NAME)";
				TEST_HOST = "$(BUNDLE_LOADER)";
				WRAPPER_EXTENSION = xctest;
			};
			name = Debug;
		};
		C95B67FB19999521006FDD17 /* Release */ = {
			isa = XCBuildConfiguration;
			buildSettings = {
				BUNDLE_LOADER = "$(BUILT_PRODUCTS_DIR)/SharedLibTest.app/SharedLibTest";
				FRAMEWORK_SEARCH_PATHS = (
					"$(SDKROOT)/Developer/Library/Frameworks",
					"$(inherited)",
					"$(DEVELOPER_FRAMEWORKS_DIR)",
				);
				GCC_PRECOMPILE_PREFIX_HEADER = YES;
				GCC_PREFIX_HEADER = "SharedLibTest/SharedLibTest-Prefix.pch";
				INFOPLIST_FILE = "SharedLibTestTests/SharedLibTestTests-Info.plist";
				PRODUCT_NAME = "$(TARGET_NAME)";
				TEST_HOST = "$(BUNDLE_LOADER)";
				WRAPPER_EXTENSION = xctest;
			};
			name = Release;
		};
/* End XCBuildConfiguration section */

/* Begin XCConfigurationList section */
		C95B67BC19999521006FDD17 /* Build configuration list for PBXProject "SharedLibTest" */ = {
			isa = XCConfigurationList;
			buildConfigurations = (
				C95B67F419999521006FDD17 /* Debug */,
				C95B67F519999521006FDD17 /* Release */,
			);
			defaultConfigurationIsVisible = 0;
			defaultConfigurationName = Release;
		};
		C95B67F619999521006FDD17 /* Build configuration list for PBXNativeTarget "SharedLibTest" */ = {
			isa = XCConfigurationList;
			buildConfigurations = (
				C95B67F719999521006FDD17 /* Debug */,
				C95B67F819999521006FDD17 /* Release */,
			);
			defaultConfigurationIsVisible = 0;
		};
		C95B67F919999521006FDD17 /* Build configuration list for PBXNativeTarget "SharedLibTestTests" */ = {
			isa = XCConfigurationList;
			buildConfigurations = (
				C95B67FA19999521006FDD17 /* Debug */,
				C95B67FB19999521006FDD17 /* Release */,
			);
			defaultConfigurationIsVisible = 0;
		};
/* End XCConfigurationList section */
	};
	rootObject = C95B67B919999521006FDD17 /* Project object */;
}
